# generated by rye
# use `rye lock` or `rye sync` to update this lockfile
#
# last locked with the following flags:
#   pre: false
#   features: []
#   all-features: false
#   with-sources: false
#   generate-hashes: false
#   universal: false

-e file:.
migra==3.0.1663481299
    # via db-migrations
packaging==24.1
    # via sqlbag
psycopg2==2.9.9
    # via db-migrations
schemainspect==3.1.1663587362
    # via migra
setuptools==72.1.0
    # via db-migrations
six==1.16.0
    # via migra
    # via sqlbag
sqlalchemy==2.0.32
    # via schemainspect
    # via sqlbag
sqlbag==0.1.1617247075
    # via migra
typing-extensions==4.12.2
    # via sqlalchemy
